// !$*UTF8*$!
{
	archiveVersion = 1;
	classes = {
	};
	objectVersion = 50;
	objects = {

/* Begin PBXBuildFile section */
		A7F764C1240DACA30039DDD0 /* AppDelegate.swift in Sources */ = {isa = PBXBuildFile; fileRef = A7F764C0240DACA30039DDD0 /* AppDelegate.swift */; };
		A7F764C3240DACA30039DDD0 /* SceneDelegate.swift in Sources */ = {isa = PBXBuildFile; fileRef = A7F764C2240DACA30039DDD0 /* SceneDelegate.swift */; };
		A7F764C8240DACA30039DDD0 /* Main.storyboard in Resources */ = {isa = PBXBuildFile; fileRef = A7F764C6240DACA30039DDD0 /* Main.storyboard */; };
		A7F764CA240DACA40039DDD0 /* Assets.xcassets in Resources */ = {isa = PBXBuildFile; fileRef = A7F764C9240DACA40039DDD0 /* Assets.xcassets */; };
		A7F764CD240DACA40039DDD0 /* LaunchScreen.storyboard in Resources */ = {isa = PBXBuildFile; fileRef = A7F764CB240DACA40039DDD0 /* LaunchScreen.storyboard */; };
		A7F764D8240DACA40039DDD0 /* ColorsTests.swift in Sources */ = {isa = PBXBuildFile; fileRef = A7F764D7240DACA40039DDD0 /* ColorsTests.swift */; };
		A7F764E3240DACA40039DDD0 /* ColorsUITests.swift in Sources */ = {isa = PBXBuildFile; fileRef = A7F764E2240DACA40039DDD0 /* ColorsUITests.swift */; };
		A7F764F1240DAD6A0039DDD0 /* ColorsViewController.swift in Sources */ = {isa = PBXBuildFile; fileRef = A7F764F0240DAD6A0039DDD0 /* ColorsViewController.swift */; };
/* End PBXBuildFile section */

/* Begin PBXContainerItemProxy section */
		A7F764D4240DACA40039DDD0 /* PBXContainerItemProxy */ = {
			isa = PBXContainerItemProxy;
			containerPortal = A7F764B5240DACA30039DDD0 /* Project object */;
			proxyType = 1;
			remoteGlobalIDString = A7F764BC240DACA30039DDD0;
			remoteInfo = Colors;
		};
		A7F764DF240DACA40039DDD0 /* PBXContainerItemProxy */ = {
			isa = PBXContainerItemProxy;
			containerPortal = A7F764B5240DACA30039DDD0 /* Project object */;
			proxyType = 1;
			remoteGlobalIDString = A7F764BC240DACA30039DDD0;
			remoteInfo = Colors;
		};
/* End PBXContainerItemProxy section */

/* Begin PBXFileReference section */
		A7F764BD240DACA30039DDD0 /* Colors.app */ = {isa = PBXFileReference; explicitFileType = wrapper.application; includeInIndex = 0; path = Colors.app; sourceTree = BUILT_PRODUCTS_DIR; };
		A7F764C0240DACA30039DDD0 /* AppDelegate.swift */ = {isa = PBXFileReference; lastKnownFileType = sourcecode.swift; path = AppDelegate.swift; sourceTree = "<group>"; };
		A7F764C2240DACA30039DDD0 /* SceneDelegate.swift */ = {isa = PBXFileReference; lastKnownFileType = sourcecode.swift; path = SceneDelegate.swift; sourceTree = "<group>"; };
		A7F764C7240DACA30039DDD0 /* Base */ = {isa = PBXFileReference; lastKnownFileType = file.storyboard; name = Base; path = Base.lproj/Main.storyboard; sourceTree = "<group>"; };
		A7F764C9240DACA40039DDD0 /* Assets.xcassets */ = {isa = PBXFileReference; lastKnownFileType = folder.assetcatalog; path = Assets.xcassets; sourceTree = "<group>"; };
		A7F764CC240DACA40039DDD0 /* Base */ = {isa = PBXFileReference; lastKnownFileType = file.storyboard; name = Base; path = Base.lproj/LaunchScreen.storyboard; sourceTree = "<group>"; };
		A7F764CE240DACA40039DDD0 /* Info.plist */ = {isa = PBXFileReference; lastKnownFileType = text.plist.xml; path = Info.plist; sourceTree = "<group>"; };
		A7F764D3240DACA40039DDD0 /* ColorsTests.xctest */ = {isa = PBXFileReference; explicitFileType = wrapper.cfbundle; includeInIndex = 0; path = ColorsTests.xctest; sourceTree = BUILT_PRODUCTS_DIR; };
		A7F764D7240DACA40039DDD0 /* ColorsTests.swift */ = {isa = PBXFileReference; lastKnownFileType = sourcecode.swift; path = ColorsTests.swift; sourceTree = "<group>"; };
		A7F764D9240DACA40039DDD0 /* Info.plist */ = {isa = PBXFileReference; lastKnownFileType = text.plist.xml; path = Info.plist; sourceTree = "<group>"; };
		A7F764DE240DACA40039DDD0 /* ColorsUITests.xctest */ = {isa = PBXFileReference; explicitFileType = wrapper.cfbundle; includeInIndex = 0; path = ColorsUITests.xctest; sourceTree = BUILT_PRODUCTS_DIR; };
		A7F764E2240DACA40039DDD0 /* ColorsUITests.swift */ = {isa = PBXFileReference; lastKnownFileType = sourcecode.swift; path = ColorsUITests.swift; sourceTree = "<group>"; };
		A7F764E4240DACA40039DDD0 /* Info.plist */ = {isa = PBXFileReference; lastKnownFileType = text.plist.xml; path = Info.plist; sourceTree = "<group>"; };
		A7F764F0240DAD6A0039DDD0 /* ColorsViewController.swift */ = {isa = PBXFileReference; lastKnownFileType = sourcecode.swift; path = ColorsViewController.swift; sourceTree = "<group>"; };
/* End PBXFileReference section */

/* Begin PBXFrameworksBuildPhase section */
		A7F764BA240DACA30039DDD0 /* Frameworks */ = {
			isa = PBXFrameworksBuildPhase;
			buildActionMask = 2147483647;
			files = (
			);
			runOnlyForDeploymentPostprocessing = 0;
		};
		A7F764D0240DACA40039DDD0 /* Frameworks */ = {
			isa = PBXFrameworksBuildPhase;
			buildActionMask = 2147483647;
			files = (
			);
			runOnlyForDeploymentPostprocessing = 0;
		};
		A7F764DB240DACA40039DDD0 /* Frameworks */ = {
			isa = PBXFrameworksBuildPhase;
			buildActionMask = 2147483647;
			files = (
			);
			runOnlyForDeploymentPostprocessing = 0;
		};
/* End PBXFrameworksBuildPhase section */

/* Begin PBXGroup section */
		A7F764B4240DACA30039DDD0 = {
			isa = PBXGroup;
			children = (
				A7F764BF240DACA30039DDD0 /* Colors */,
				A7F764D6240DACA40039DDD0 /* ColorsTests */,
				A7F764E1240DACA40039DDD0 /* ColorsUITests */,
				A7F764BE240DACA30039DDD0 /* Products */,
			);
			sourceTree = "<group>";
		};
		A7F764BE240DACA30039DDD0 /* Products */ = {
			isa = PBXGroup;
			children = (
				A7F764BD240DACA30039DDD0 /* Colors.app */,
				A7F764D3240DACA40039DDD0 /* ColorsTests.xctest */,
				A7F764DE240DACA40039DDD0 /* ColorsUITests.xctest */,
			);
			name = Products;
			sourceTree = "<group>";
		};
		A7F764BF240DACA30039DDD0 /* Colors */ = {
			isa = PBXGroup;
			children = (
				A7F764C0240DACA30039DDD0 /* AppDelegate.swift */,
				A7F764C2240DACA30039DDD0 /* SceneDelegate.swift */,
				A7F764F0240DAD6A0039DDD0 /* ColorsViewController.swift */,
				A7F764C6240DACA30039DDD0 /* Main.storyboard */,
				A7F764C9240DACA40039DDD0 /* Assets.xcassets */,
				A7F764CB240DACA40039DDD0 /* LaunchScreen.storyboard */,
				A7F764CE240DACA40039DDD0 /* Info.plist */,
			);
			path = Colors;
			sourceTree = "<group>";
		};
		A7F764D6240DACA40039DDD0 /* ColorsTests */ = {
			isa = PBXGroup;
			children = (
				A7F764D7240DACA40039DDD0 /* ColorsTests.swift */,
				A7F764D9240DACA40039DDD0 /* Info.plist */,
			);
			path = ColorsTests;
			sourceTree = "<group>";
		};
		A7F764E1240DACA40039DDD0 /* ColorsUITests */ = {
			isa = PBXGroup;
			children = (
				A7F764E2240DACA40039DDD0 /* ColorsUITests.swift */,
				A7F764E4240DACA40039DDD0 /* Info.plist */,
			);
			path = ColorsUITests;
			sourceTree = "<group>";
		};
/* End PBXGroup section */

/* Begin PBXNativeTarget section */
		A7F764BC240DACA30039DDD0 /* Colors */ = {
			isa = PBXNativeTarget;
			buildConfigurationList = A7F764E7240DACA40039DDD0 /* Build configuration list for PBXNativeTarget "Colors" */;
			buildPhases = (
				A7F764B9240DACA30039DDD0 /* Sources */,
				A7F764BA240DACA30039DDD0 /* Frameworks */,
				A7F764BB240DACA30039DDD0 /* Resources */,
			);
			buildRules = (
			);
			dependencies = (
			);
			name = Colors;
			productName = Colors;
			productReference = A7F764BD240DACA30039DDD0 /* Colors.app */;
			productType = "com.apple.product-type.application";
		};
		A7F764D2240DACA40039DDD0 /* ColorsTests */ = {
			isa = PBXNativeTarget;
			buildConfigurationList = A7F764EA240DACA40039DDD0 /* Build configuration list for PBXNativeTarget "ColorsTests" */;
			buildPhases = (
				A7F764CF240DACA40039DDD0 /* Sources */,
				A7F764D0240DACA40039DDD0 /* Frameworks */,
				A7F764D1240DACA40039DDD0 /* Resources */,
			);
			buildRules = (
			);
			dependencies = (
				A7F764D5240DACA40039DDD0 /* PBXTargetDependency */,
			);
			name = ColorsTests;
			productName = ColorsTests;
			productReference = A7F764D3240DACA40039DDD0 /* ColorsTests.xctest */;
			productType = "com.apple.product-type.bundle.unit-test";
		};
		A7F764DD240DACA40039DDD0 /* ColorsUITests */ = {
			isa = PBXNativeTarget;
			buildConfigurationList = A7F764ED240DACA40039DDD0 /* Build configuration list for PBXNativeTarget "ColorsUITests" */;
			buildPhases = (
				A7F764DA240DACA40039DDD0 /* Sources */,
				A7F764DB240DACA40039DDD0 /* Frameworks */,
				A7F764DC240DACA40039DDD0 /* Resources */,
			);
			buildRules = (
			);
			dependencies = (
				A7F764E0240DACA40039DDD0 /* PBXTargetDependency */,
			);
			name = ColorsUITests;
			productName = ColorsUITests;
			productReference = A7F764DE240DACA40039DDD0 /* ColorsUITests.xctest */;
			productType = "com.apple.product-type.bundle.ui-testing";
		};
/* End PBXNativeTarget section */

/* Begin PBXProject section */
		A7F764B5240DACA30039DDD0 /* Project object */ = {
			isa = PBXProject;
			attributes = {
				LastSwiftUpdateCheck = 1130;
				LastUpgradeCheck = 1130;
				ORGANIZATIONNAME = "Ryan Filkins";
				TargetAttributes = {
					A7F764BC240DACA30039DDD0 = {
						CreatedOnToolsVersion = 11.3.1;
					};
					A7F764D2240DACA40039DDD0 = {
						CreatedOnToolsVersion = 11.3.1;
						TestTargetID = A7F764BC240DACA30039DDD0;
					};
					A7F764DD240DACA40039DDD0 = {
						CreatedOnToolsVersion = 11.3.1;
						TestTargetID = A7F764BC240DACA30039DDD0;
					};
				};
			};
			buildConfigurationList = A7F764B8240DACA30039DDD0 /* Build configuration list for PBXProject "Colors" */;
			compatibilityVersion = "Xcode 9.3";
			developmentRegion = en;
			hasScannedForEncodings = 0;
			knownRegions = (
				en,
				Base,
			);
			mainGroup = A7F764B4240DACA30039DDD0;
			productRefGroup = A7F764BE240DACA30039DDD0 /* Products */;
			projectDirPath = "";
			projectRoot = "";
			targets = (
				A7F764BC240DACA30039DDD0 /* Colors */,
				A7F764D2240DACA40039DDD0 /* ColorsTests */,
				A7F764DD240DACA40039DDD0 /* ColorsUITests */,
			);
		};
/* End PBXProject section */

/* Begin PBXResourcesBuildPhase section */
		A7F764BB240DACA30039DDD0 /* Resources */ = {
			isa = PBXResourcesBuildPhase;
			buildActionMask = 2147483647;
			files = (
				A7F764CD240DACA40039DDD0 /* LaunchScreen.storyboard in Resources */,
				A7F764CA240DACA40039DDD0 /* Assets.xcassets in Resources */,
				A7F764C8240DACA30039DDD0 /* Main.storyboard in Resources */,
			);
			runOnlyForDeploymentPostprocessing = 0;
		};
		A7F764D1240DACA40039DDD0 /* Resources */ = {
			isa = PBXResourcesBuildPhase;
			buildActionMask = 2147483647;
			files = (
			);
			runOnlyForDeploymentPostprocessing = 0;
		};
		A7F764DC240DACA40039DDD0 /* Resources */ = {
			isa = PBXResourcesBuildPhase;
			buildActionMask = 2147483647;
			files = (
			);
			runOnlyForDeploymentPostprocessing = 0;
		};
/* End PBXResourcesBuildPhase section */

/* Begin PBXSourcesBuildPhase section */
		A7F764B9240DACA30039DDD0 /* Sources */ = {
			isa = PBXSourcesBuildPhase;
			buildActionMask = 2147483647;
			files = (
				A7F764C1240DACA30039DDD0 /* AppDelegate.swift in Sources */,
				A7F764F1240DAD6A0039DDD0 /* ColorsViewController.swift in Sources */,
				A7F764C3240DACA30039DDD0 /* SceneDelegate.swift in Sources */,
			);
			runOnlyForDeploymentPostprocessing = 0;
		};
		A7F764CF240DACA40039DDD0 /* Sources */ = {
			isa = PBXSourcesBuildPhase;
			buildActionMask = 2147483647;
			files = (
				A7F764D8240DACA40039DDD0 /* ColorsTests.swift in Sources */,
			);
			runOnlyForDeploymentPostprocessing = 0;
		};
		A7F764DA240DACA40039DDD0 /* Sources */ = {
			isa = PBXSourcesBuildPhase;
			buildActionMask = 2147483647;
			files = (
				A7F764E3240DACA40039DDD0 /* ColorsUITests.swift in Sources */,
			);
			runOnlyForDeploymentPostprocessing = 0;
		};
/* End PBXSourcesBuildPhase section */

/* Begin PBXTargetDependency section */
		A7F764D5240DACA40039DDD0 /* PBXTargetDependency */ = {
			isa = PBXTargetDependency;
			target = A7F764BC240DACA30039DDD0 /* Colors */;
			targetProxy = A7F764D4240DACA40039DDD0 /* PBXContainerItemProxy */;
		};
		A7F764E0240DACA40039DDD0 /* PBXTargetDependency */ = {
			isa = PBXTargetDependency;
			target = A7F764BC240DACA30039DDD0 /* Colors */;
			targetProxy = A7F764DF240DACA40039DDD0 /* PBXContainerItemProxy */;
		};
/* End PBXTargetDependency section */

/* Begin PBXVariantGroup section */
		A7F764C6240DACA30039DDD0 /* Main.storyboard */ = {
			isa = PBXVariantGroup;
			children = (
				A7F764C7240DACA30039DDD0 /* Base */,
			);
			name = Main.storyboard;
			sourceTree = "<group>";
		};
		A7F764CB240DACA40039DDD0 /* LaunchScreen.storyboard */ = {
			isa = PBXVariantGroup;
			children = (
				A7F764CC240DACA40039DDD0 /* Base */,
			);
			name = LaunchScreen.storyboard;
			sourceTree = "<group>";
		};
/* End PBXVariantGroup section */

/* Begin XCBuildConfiguration section */
		A7F764E5240DACA40039DDD0 /* Debug */ = {
			isa = XCBuildConfiguration;
			buildSettings = {
				ALWAYS_SEARCH_USER_PATHS = NO;
				CLANG_ANALYZER_NONNULL = YES;
				CLANG_ANALYZER_NUMBER_OBJECT_CONVERSION = YES_AGGRESSIVE;
				CLANG_CXX_LANGUAGE_STANDARD = "gnu++14";
				CLANG_CXX_LIBRARY = "libc++";
				CLANG_ENABLE_MODULES = YES;
				CLANG_ENABLE_OBJC_ARC = YES;
				CLANG_ENABLE_OBJC_WEAK = YES;
				CLANG_WARN_BLOCK_CAPTURE_AUTORELEASING = YES;
				CLANG_WARN_BOOL_CONVERSION = YES;
				CLANG_WARN_COMMA = YES;
				CLANG_WARN_CONSTANT_CONVERSION = YES;
				CLANG_WARN_DEPRECATED_OBJC_IMPLEMENTATIONS = YES;
				CLANG_WARN_DIRECT_OBJC_ISA_USAGE = YES_ERROR;
				CLANG_WARN_DOCUMENTATION_COMMENTS = YES;
				CLANG_WARN_EMPTY_BODY = YES;
				CLANG_WARN_ENUM_CONVERSION = YES;
				CLANG_WARN_INFINITE_RECURSION = YES;
				CLANG_WARN_INT_CONVERSION = YES;
				CLANG_WARN_NON_LITERAL_NULL_CONVERSION = YES;
				CLANG_WARN_OBJC_IMPLICIT_RETAIN_SELF = YES;
				CLANG_WARN_OBJC_LITERAL_CONVERSION = YES;
				CLANG_WARN_OBJC_ROOT_CLASS = YES_ERROR;
				CLANG_WARN_RANGE_LOOP_ANALYSIS = YES;
				CLANG_WARN_STRICT_PROTOTYPES = YES;
				CLANG_WARN_SUSPICIOUS_MOVE = YES;
				CLANG_WARN_UNGUARDED_AVAILABILITY = YES_AGGRESSIVE;
				CLANG_WARN_UNREACHABLE_CODE = YES;
				CLANG_WARN__DUPLICATE_METHOD_MATCH = YES;
				COPY_PHASE_STRIP = NO;
				DEBUG_INFORMATION_FORMAT = dwarf;
				ENABLE_STRICT_OBJC_MSGSEND = YES;
				ENABLE_TESTABILITY = YES;
				GCC_C_LANGUAGE_STANDARD = gnu11;
				GCC_DYNAMIC_NO_PIC = NO;
				GCC_NO_COMMON_BLOCKS = YES;
				GCC_OPTIMIZATION_LEVEL = 0;
				GCC_PREPROCESSOR_DEFINITIONS = (
					"DEBUG=1",
					"$(inherited)",
				);
				GCC_WARN_64_TO_32_BIT_CONVERSION = YES;
				GCC_WARN_ABOUT_RETURN_TYPE = YES_ERROR;
				GCC_WARN_UNDECLARED_SELECTOR = YES;
				GCC_WARN_UNINITIALIZED_AUTOS = YES_AGGRESSIVE;
				GCC_WARN_UNUSED_FUNCTION = YES;
				GCC_WARN_UNUSED_VARIABLE = YES;
				IPHONEOS_DEPLOYMENT_TARGET = 13.2;
				MTL_ENABLE_DEBUG_INFO = INCLUDE_SOURCE;
				MTL_FAST_MATH = YES;
				ONLY_ACTIVE_ARCH = YES;
				SDKROOT = iphoneos;
				SWIFT_ACTIVE_COMPILATION_CONDITIONS = DEBUG;
				SWIFT_OPTIMIZATION_LEVEL = "-Onone";
			};
			name = Debug;
		};
		A7F764E6240DACA40039DDD0 /* Release */ = {
			isa = XCBuildConfiguration;
			buildSettings = {
				ALWAYS_SEARCH_USER_PATHS = NO;
				CLANG_ANALYZER_NONNULL = YES;
				CLANG_ANALYZER_NUMBER_OBJECT_CONVERSION = YES_AGGRESSIVE;
				CLANG_CXX_LANGUAGE_STANDARD = "gnu++14";
				CLANG_CXX_LIBRARY = "libc++";
				CLANG_ENABLE_MODULES = YES;
				CLANG_ENABLE_OBJC_ARC = YES;
				CLANG_ENABLE_OBJC_WEAK = YES;
				CLANG_WARN_BLOCK_CAPTURE_AUTORELEASING = YES;
				CLANG_WARN_BOOL_CONVERSION = YES;
				CLANG_WARN_COMMA = YES;
				CLANG_WARN_CONSTANT_CONVERSION = YES;
				CLANG_WARN_DEPRECATED_OBJC_IMPLEMENTATIONS = YES;
				CLANG_WARN_DIRECT_OBJC_ISA_USAGE = YES_ERROR;
				CLANG_WARN_DOCUMENTATION_COMMENTS = YES;
				CLANG_WARN_EMPTY_BODY = YES;
				CLANG_WARN_ENUM_CONVERSION = YES;
				CLANG_WARN_INFINITE_RECURSION = YES;
				CLANG_WARN_INT_CONVERSION = YES;
				CLANG_WARN_NON_LITERAL_NULL_CONVERSION = YES;
				CLANG_WARN_OBJC_IMPLICIT_RETAIN_SELF = YES;
				CLANG_WARN_OBJC_LITERAL_CONVERSION = YES;
				CLANG_WARN_OBJC_ROOT_CLASS = YES_ERROR;
				CLANG_WARN_RANGE_LOOP_ANALYSIS = YES;
				CLANG_WARN_STRICT_PROTOTYPES = YES;
				CLANG_WARN_SUSPICIOUS_MOVE = YES;
				CLANG_WARN_UNGUARDED_AVAILABILITY = YES_AGGRESSIVE;
				CLANG_WARN_UNREACHABLE_CODE = YES;
				CLANG_WARN__DUPLICATE_METHOD_MATCH = YES;
				COPY_PHASE_STRIP = NO;
				DEBUG_INFORMATION_FORMAT = "dwarf-with-dsym";
				ENABLE_NS_ASSERTIONS = NO;
				ENABLE_STRICT_OBJC_MSGSEND = YES;
				GCC_C_LANGUAGE_STANDARD = gnu11;
				GCC_NO_COMMON_BLOCKS = YES;
				GCC_WARN_64_TO_32_BIT_CONVERSION = YES;
				GCC_WARN_ABOUT_RETURN_TYPE = YES_ERROR;
				GCC_WARN_UNDECLARED_SELECTOR = YES;
				GCC_WARN_UNINITIALIZED_AUTOS = YES_AGGRESSIVE;
				GCC_WARN_UNUSED_FUNCTION = YES;
				GCC_WARN_UNUSED_VARIABLE = YES;
				IPHONEOS_DEPLOYMENT_TARGET = 13.2;
				MTL_ENABLE_DEBUG_INFO = NO;
				MTL_FAST_MATH = YES;
				SDKROOT = iphoneos;
				SWIFT_COMPILATION_MODE = wholemodule;
				SWIFT_OPTIMIZATION_LEVEL = "-O";
				VALIDATE_PRODUCT = YES;
			};
			name = Release;
		};
		A7F764E8240DACA40039DDD0 /* Debug */ = {
			isa = XCBuildConfiguration;
			buildSettings = {
				ASSETCATALOG_COMPILER_APPICON_NAME = AppIcon;
				CODE_SIGN_STYLE = Automatic;
				DEVELOPMENT_TEAM = D2F59EZ72T;
				INFOPLIST_FILE = Colors/Info.plist;
				LD_RUNPATH_SEARCH_PATHS = (
					"$(inherited)",
					"@executable_path/Frameworks",
				);
				PRODUCT_BUNDLE_IDENTIFIER = site.ryanfilkins.Colors;
				PRODUCT_NAME = "$(TARGET_NAME)";
				SWIFT_VERSION = 5.0;
				TARGETED_DEVICE_FAMILY = "1,2";
			};
			name = Debug;
		};
		A7F764E9240DACA40039DDD0 /* Release */ = {
			isa = XCBuildConfiguration;
			buildSettings = {
				ASSETCATALOG_COMPILER_APPICON_NAME = AppIcon;
				CODE_SIGN_STYLE = Automatic;
				DEVELOPMENT_TEAM = D2F59EZ72T;
				INFOPLIST_FILE = Colors/Info.plist;
				LD_RUNPATH_SEARCH_PATHS = (
					"$(inherited)",
					"@executable_path/Frameworks",
				);
				PRODUCT_BUNDLE_IDENTIFIER = site.ryanfilkins.Colors;
				PRODUCT_NAME = "$(TARGET_NAME)";
				SWIFT_VERSION = 5.0;
				TARGETED_DEVICE_FAMILY = "1,2";
			};
			name = Release;
		};
		A7F764EB240DACA40039DDD0 /* Debug */ = {
			isa = XCBuildConfiguration;
			buildSettings = {
				ALWAYS_EMBED_SWIFT_STANDARD_LIBRARIES = YES;
				BUNDLE_LOADER = "$(TEST_HOST)";
				CODE_SIGN_STYLE = Automatic;
				DEVELOPMENT_TEAM = D2F59EZ72T;
				INFOPLIST_FILE = ColorsTests/Info.plist;
				IPHONEOS_DEPLOYMENT_TARGET = 13.2;
				LD_RUNPATH_SEARCH_PATHS = (
					"$(inherited)",
					"@executable_path/Frameworks",
					"@loader_path/Frameworks",
				);
				PRODUCT_BUNDLE_IDENTIFIER = site.ryanfilkins.ColorsTests;
				PRODUCT_NAME = "$(TARGET_NAME)";
				SWIFT_VERSION = 5.0;
				TARGETED_DEVICE_FAMILY = "1,2";
				TEST_HOST = "$(BUILT_PRODUCTS_DIR)/Colors.app/Colors";
			};
			name = Debug;
		};
		A7F764EC240DACA40039DDD0 /* Release */ = {
			isa = XCBuildConfiguration;
			buildSettings = {
				ALWAYS_EMBED_SWIFT_STANDARD_LIBRARIES = YES;
				BUNDLE_LOADER = "$(TEST_HOST)";
				CODE_SIGN_STYLE = Automatic;
				DEVELOPMENT_TEAM = D2F59EZ72T;
				INFOPLIST_FILE = ColorsTests/Info.plist;
				IPHONEOS_DEPLOYMENT_TARGET = 13.2;
				LD_RUNPATH_SEARCH_PATHS = (
					"$(inherited)",
					"@executable_path/Frameworks",
					"@loader_path/Frameworks",
				);
				PRODUCT_BUNDLE_IDENTIFIER = site.ryanfilkins.ColorsTests;
				PRODUCT_NAME = "$(TARGET_NAME)";
				SWIFT_VERSION = 5.0;
				TARGETED_DEVICE_FAMILY = "1,2";
				TEST_HOST = "$(BUILT_PRODUCTS_DIR)/Colors.app/Colors";
			};
			name = Release;
		};
		A7F764EE240DACA40039DDD0 /* Debug */ = {
			isa = XCBuildConfiguration;
			buildSettings = {
				ALWAYS_EMBED_SWIFT_STANDARD_LIBRARIES = YES;
				CODE_SIGN_STYLE = Automatic;
				DEVELOPMENT_TEAM = D2F59EZ72T;
				INFOPLIST_FILE = ColorsUITests/Info.plist;
				LD_RUNPATH_SEARCH_PATHS = (
					"$(inherited)",
					"@executable_path/Frameworks",
					"@loader_path/Frameworks",
				);
				PRODUCT_BUNDLE_IDENTIFIER = site.ryanfilkins.ColorsUITests;
				PRODUCT_NAME = "$(TARGET_NAME)";
				SWIFT_VERSION = 5.0;
				TARGETED_DEVICE_FAMILY = "1,2";
				TEST_TARGET_NAME = Colors;
			};
			name = Debug;
		};
		A7F764EF240DACA40039DDD0 /* Release */ = {
			isa = XCBuildConfiguration;
			buildSettings = {
				ALWAYS_EMBED_SWIFT_STANDARD_LIBRARIES = YES;
				CODE_SIGN_STYLE = Automatic;
				DEVELOPMENT_TEAM = D2F59EZ72T;
				INFOPLIST_FILE = ColorsUITests/Info.plist;
				LD_RUNPATH_SEARCH_PATHS = (
					"$(inherited)",
					"@executable_path/Frameworks",
					"@loader_path/Frameworks",
				);
				PRODUCT_BUNDLE_IDENTIFIER = site.ryanfilkins.ColorsUITests;
				PRODUCT_NAME = "$(TARGET_NAME)";
				SWIFT_VERSION = 5.0;
				TARGETED_DEVICE_FAMILY = "1,2";
				TEST_TARGET_NAME = Colors;
			};
			name = Release;
		};
/* End XCBuildConfiguration section */

/* Begin XCConfigurationList section */
		A7F764B8240DACA30039DDD0 /* Build configuration list for PBXProject "Colors" */ = {
			isa = XCConfigurationList;
			buildConfigurations = (
				A7F764E5240DACA40039DDD0 /* Debug */,
				A7F764E6240DACA40039DDD0 /* Release */,
			);
			defaultConfigurationIsVisible = 0;
			defaultConfigurationName = Release;
		};
		A7F764E7240DACA40039DDD0 /* Build configuration list for PBXNativeTarget "Colors" */ = {
			isa = XCConfigurationList;
			buildConfigurations = (
				A7F764E8240DACA40039DDD0 /* Debug */,
				A7F764E9240DACA40039DDD0 /* Release */,
			);
			defaultConfigurationIsVisible = 0;
			defaultConfigurationName = Release;
		};
		A7F764EA240DACA40039DDD0 /* Build configuration list for PBXNativeTarget "ColorsTests" */ = {
			isa = XCConfigurationList;
			buildConfigurations = (
				A7F764EB240DACA40039DDD0 /* Debug */,
				A7F764EC240DACA40039DDD0 /* Release */,
			);
			defaultConfigurationIsVisible = 0;
			defaultConfigurationName = Release;
		};
		A7F764ED240DACA40039DDD0 /* Build configuration list for PBXNativeTarget "ColorsUITests" */ = {
			isa = XCConfigurationList;
			buildConfigurations = (
				A7F764EE240DACA40039DDD0 /* Debug */,
				A7F764EF240DACA40039DDD0 /* Release */,
			);
			defaultConfigurationIsVisible = 0;
			defaultConfigurationName = Release;
		};
/* End XCConfigurationList section */
	};
	rootObject = A7F764B5240DACA30039DDD0 /* Project object */;
}
